Microsoft Visual Studio Solution File, Format Version 11.00
# Visual Studio 2008

Project("{4BCD79FC-9760-A2E2-E375-DFB2A9508FE2}") = "HeartRacer", "Assembly-CSharp-firstpass.csproj", "{74E8432F-9DE4-75C9-D327-5D63EE55B2FA}"
EndProject
Project("{4BCD79FC-9760-A2E2-E375-DFB2A9508FE2}") = "HeartRacer", "Assembly-CSharp.csproj", "{D33807DF-7E8E-FC1A-E172-EA457F35A513}"
EndProject
Project("{4BCD79FC-9760-A2E2-E375-DFB2A9508FE2}") = "HeartRacer", "Assembly-CSharp-Editor.csproj", "{3F9EB1EE-8FAD-8FB7-68F4-94376B1D1135}"
EndProject
Global
	GlobalSection(SolutionConfigurationPlatforms) = preSolution
		Debug|Any CPU = Debug|Any CPU
		Release|Any CPU = Release|Any CPU
	EndGlobalSection
	GlobalSection(ProjectConfigurationPlatforms) = postSolution
		{74E8432F-9DE4-75C9-D327-5D63EE55B2FA}.Debug|Any CPU.ActiveCfg = Debug|Any CPU
		{74E8432F-9DE4-75C9-D327-5D63EE55B2FA}.Debug|Any CPU.Build.0 = Debug|Any CPU
		{74E8432F-9DE4-75C9-D327-5D63EE55B2FA}.Release|Any CPU.ActiveCfg = Release|Any CPU
		{74E8432F-9DE4-75C9-D327-5D63EE55B2FA}.Release|Any CPU.Build.0 = Release|Any CPU
		{D33807DF-7E8E-FC1A-E172-EA457F35A513}.Debug|Any CPU.ActiveCfg = Debug|Any CPU
		{D33807DF-7E8E-FC1A-E172-EA457F35A513}.Debug|Any CPU.Build.0 = Debug|Any CPU
		{D33807DF-7E8E-FC1A-E172-EA457F35A513}.Release|Any CPU.ActiveCfg = Release|Any CPU
		{D33807DF-7E8E-FC1A-E172-EA457F35A513}.Release|Any CPU.Build.0 = Release|Any CPU
		{3F9EB1EE-8FAD-8FB7-68F4-94376B1D1135}.Debug|Any CPU.ActiveCfg = Debug|Any CPU
		{3F9EB1EE-8FAD-8FB7-68F4-94376B1D1135}.Debug|Any CPU.Build.0 = Debug|Any CPU
		{3F9EB1EE-8FAD-8FB7-68F4-94376B1D1135}.Release|Any CPU.ActiveCfg = Release|Any CPU
		{3F9EB1EE-8FAD-8FB7-68F4-94376B1D1135}.Release|Any CPU.Build.0 = Release|Any CPU
	EndGlobalSection
	GlobalSection(SolutionProperties) = preSolution
		HideSolutionNode = FALSE
	EndGlobalSection
																																																							GlobalSection(MonoDevelopProperties) = preSolution
		StartupItem = Assembly-CSharp.csproj
		Policies = $0
		$0.TextStylePolicy = $1
		$1.inheritsSet = null
		$1.scope = text/x-csharp
		$0.CSharpFormattingPolicy = $2
		$2.inheritsSet = Mono
		$2.inheritsScope = text/x-csharp
		$2.scope = text/x-csharp
		$0.TextStylePolicy = $3
		$3.FileWidth = 120
		$3.TabWidth = 4
		$3.IndentWidth = 4
		$3.EolMarker = Unix
		$3.inheritsSet = Mono
		$3.inheritsScope = text/plain
		$3.scope = text/plain
	EndGlobalSection
EndGlobal
